
Microsoft Visual Studio Solution File, Format Version 12.00
Project("{FAE04EC0-301F-11D3-BF4B-00C04F79EFBC}") = "AttenderApp", "AttenderApp.csproj", "{232E1F4A-27B4-45AC-B817-E2FFCC5A4C74}"
EndProject
Global
	GlobalSection(SolutionConfigurationPlatforms) = preSolution
		Debug|Any CPU = Debug|Any CPU
		Release|Any CPU = Release|Any CPU
	EndGlobalSection
	GlobalSection(ProjectConfigurationPlatforms) = postSolution
		{232E1F4A-27B4-45AC-B817-E2FFCC5A4C74}.Debug|Any CPU.ActiveCfg = Debug|Any CPU
		{232E1F4A-27B4-45AC-B817-E2FFCC5A4C74}.Debug|Any CPU.Build.0 = Debug|Any CPU
		{232E1F4A-27B4-45AC-B817-E2FFCC5A4C74}.Release|Any CPU.ActiveCfg = Release|Any CPU
		{232E1F4A-27B4-45AC-B817-E2FFCC5A4C74}.Release|Any CPU.Build.0 = Release|Any CPU
	EndGlobalSection
EndGlobal
